
Microsoft Visual Studio Solution File, Format Version 12.00
# Visual Studio Version 16
VisualStudioVersion = 16.0.31911.196
MinimumVisualStudioVersion = 10.0.40219.1
Project("{FAE04EC0-301F-11D3-BF4B-00C04F79EFBC}") = "CarPartsMobileApp.UWP", "CarPartsMobileApp\CarPartsMobileApp.UWP\CarPartsMobileApp.UWP.csproj", "{17E532AD-4A75-4C39-BB5D-925D711660FB}"
EndProject
Project("{FAE04EC0-301F-11D3-BF4B-00C04F79EFBC}") = "CarPartsMobileApp.Android", "CarPartsMobileApp\CarPartsMobileApp.Android\CarPartsMobileApp.Android.csproj", "{8ECB0B89-3A86-47CB-B534-48C1CE8D10DE}"
EndProject
Project("{FAE04EC0-301F-11D3-BF4B-00C04F79EFBC}") = "CarPartsMobileApp.iOS", "CarPartsMobileApp\CarPartsMobileApp.iOS\CarPartsMobileApp.iOS.csproj", "{31B39F30-58F5-46DD-AD03-65197932085A}"
EndProject
Project("{9A19103F-16F7-4668-BE54-9A1E7A4F7556}") = "CarPartsMobileApp", "CarPartsMobileApp\CarPartsMobileApp\CarPartsMobileApp.csproj", "{4C877FF4-A847-4F28-A97B-6F48D0DBA25D}"
EndProject
Global
	GlobalSection(SolutionConfigurationPlatforms) = preSolution
		Debug|Any CPU = Debug|Any CPU
		Debug|ARM = Debug|ARM
		Debug|iPhone = Debug|iPhone
		Debug|iPhoneSimulator = Debug|iPhoneSimulator
		Debug|x64 = Debug|x64
		Debug|x86 = Debug|x86
		Release|Any CPU = Release|Any CPU
		Release|ARM = Release|ARM
		Release|iPhone = Release|iPhone
		Release|iPhoneSimulator = Release|iPhoneSimulator
		Release|x64 = Release|x64
		Release|x86 = Release|x86
	EndGlobalSection
	GlobalSection(ProjectConfigurationPlatforms) = postSolution
		{17E532AD-4A75-4C39-BB5D-925D711660FB}.Debug|Any CPU.ActiveCfg = Debug|x86
		{17E532AD-4A75-4C39-BB5D-925D711660FB}.Debug|Any CPU.Build.0 = Debug|x86
		{17E532AD-4A75-4C39-BB5D-925D711660FB}.Debug|Any CPU.Deploy.0 = Debug|x86
		{17E532AD-4A75-4C39-BB5D-925D711660FB}.Debug|ARM.ActiveCfg = Debug|ARM
		{17E532AD-4A75-4C39-BB5D-925D711660FB}.Debug|ARM.Build.0 = Debug|ARM
		{17E532AD-4A75-4C39-BB5D-925D711660FB}.Debug|ARM.Deploy.0 = Debug|ARM
		{17E532AD-4A75-4C39-BB5D-925D711660FB}.Debug|iPhone.ActiveCfg = Debug|x86
		{17E532AD-4A75-4C39-BB5D-925D711660FB}.Debug|iPhone.Build.0 = Debug|x86
		{17E532AD-4A75-4C39-BB5D-925D711660FB}.Debug|iPhone.Deploy.0 = Debug|x86
		{17E532AD-4A75-4C39-BB5D-925D711660FB}.Debug|iPhoneSimulator.ActiveCfg = Debug|x86
		{17E532AD-4A75-4C39-BB5D-925D711660FB}.Debug|iPhoneSimulator.Build.0 = Debug|x86
		{17E532AD-4A75-4C39-BB5D-925D711660FB}.Debug|iPhoneSimulator.Deploy.0 = Debug|x86
		{17E532AD-4A75-4C39-BB5D-925D711660FB}.Debug|x64.ActiveCfg = Debug|x64
		{17E532AD-4A75-4C39-BB5D-925D711660FB}.Debug|x64.Build.0 = Debug|x64
		{17E532AD-4A75-4C39-BB5D-925D711660FB}.Debug|x64.Deploy.0 = Debug|x64
		{17E532AD-4A75-4C39-BB5D-925D711660FB}.Debug|x86.ActiveCfg = Debug|x86
		{17E532AD-4A75-4C39-BB5D-925D711660FB}.Debug|x86.Build.0 = Debug|x86
		{17E532AD-4A75-4C39-BB5D-925D711660FB}.Debug|x86.Deploy.0 = Debug|x86
		{17E532AD-4A75-4C39-BB5D-925D711660FB}.Release|Any CPU.ActiveCfg = Release|x86
		{17E532AD-4A75-4C39-BB5D-925D711660FB}.Release|Any CPU.Build.0 = Release|x86
		{17E532AD-4A75-4C39-BB5D-925D711660FB}.Release|Any CPU.Deploy.0 = Release|x86
		{17E532AD-4A75-4C39-BB5D-925D711660FB}.Release|ARM.ActiveCfg = Release|ARM
		{17E532AD-4A75-4C39-BB5D-925D711660FB}.Release|ARM.Build.0 = Release|ARM
		{17E532AD-4A75-4C39-BB5D-925D711660FB}.Release|ARM.Deploy.0 = Release|ARM
		{17E532AD-4A75-4C39-BB5D-925D711660FB}.Release|iPhone.ActiveCfg = Release|x86
		{17E532AD-4A75-4C39-BB5D-925D711660FB}.Release|iPhone.Build.0 = Release|x86
		{17E532AD-4A75-4C39-BB5D-925D711660FB}.Release|iPhone.Deploy.0 = Release|x86
		{17E532AD-4A75-4C39-BB5D-925D711660FB}.Release|iPhoneSimulator.ActiveCfg = Release|x86
		{17E532AD-4A75-4C39-BB5D-925D711660FB}.Release|iPhoneSimulator.Build.0 = Release|x86
		{17E532AD-4A75-4C39-BB5D-925D711660FB}.Release|iPhoneSimulator.Deploy.0 = Release|x86
		{17E532AD-4A75-4C39-BB5D-925D711660FB}.Release|x64.ActiveCfg = Release|x64
		{17E532AD-4A75-4C39-BB5D-925D711660FB}.Release|x64.Build.0 = Release|x64
		{17E532AD-4A75-4C39-BB5D-925D711660FB}.Release|x64.Deploy.0 = Release|x64
		{17E532AD-4A75-4C39-BB5D-925D711660FB}.Release|x86.ActiveCfg = Release|x86
		{17E532AD-4A75-4C39-BB5D-925D711660FB}.Release|x86.Build.0 = Release|x86
		{17E532AD-4A75-4C39-BB5D-925D711660FB}.Release|x86.Deploy.0 = Release|x86
		{8ECB0B89-3A86-47CB-B534-48C1CE8D10DE}.Debug|Any CPU.ActiveCfg = Debug|Any CPU
		{8ECB0B89-3A86-47CB-B534-48C1CE8D10DE}.Debug|Any CPU.Build.0 = Debug|Any CPU
		{8ECB0B89-3A86-47CB-B534-48C1CE8D10DE}.Debug|Any CPU.Deploy.0 = Debug|Any CPU
		{8ECB0B89-3A86-47CB-B534-48C1CE8D10DE}.Debug|ARM.ActiveCfg = Debug|Any CPU
		{8ECB0B89-3A86-47CB-B534-48C1CE8D10DE}.Debug|ARM.Build.0 = Debug|Any CPU
		{8ECB0B89-3A86-47CB-B534-48C1CE8D10DE}.Debug|ARM.Deploy.0 = Debug|Any CPU
		{8ECB0B89-3A86-47CB-B534-48C1CE8D10DE}.Debug|iPhone.ActiveCfg = Debug|Any CPU
		{8ECB0B89-3A86-47CB-B534-48C1CE8D10DE}.Debug|iPhone.Build.0 = Debug|Any CPU
		{8ECB0B89-3A86-47CB-B534-48C1CE8D10DE}.Debug|iPhone.Deploy.0 = Debug|Any CPU
		{8ECB0B89-3A86-47CB-B534-48C1CE8D10DE}.Debug|iPhoneSimulator.ActiveCfg = Debug|Any CPU
		{8ECB0B89-3A86-47CB-B534-48C1CE8D10DE}.Debug|iPhoneSimulator.Build.0 = Debug|Any CPU
		{8ECB0B89-3A86-47CB-B534-48C1CE8D10DE}.Debug|iPhoneSimulator.Deploy.0 = Debug|Any CPU
		{8ECB0B89-3A86-47CB-B534-48C1CE8D10DE}.Debug|x64.ActiveCfg = Debug|Any CPU
		{8ECB0B89-3A86-47CB-B534-48C1CE8D10DE}.Debug|x64.Build.0 = Debug|Any CPU
		{8ECB0B89-3A86-47CB-B534-48C1CE8D10DE}.Debug|x64.Deploy.0 = Debug|Any CPU
		{8ECB0B89-3A86-47CB-B534-48C1CE8D10DE}.Debug|x86.ActiveCfg = Debug|Any CPU
		{8ECB0B89-3A86-47CB-B534-48C1CE8D10DE}.Debug|x86.Build.0 = Debug|Any CPU
		{8ECB0B89-3A86-47CB-B534-48C1CE8D10DE}.Debug|x86.Deploy.0 = Debug|Any CPU
		{8ECB0B89-3A86-47CB-B534-48C1CE8D10DE}.Release|Any CPU.ActiveCfg = Release|Any CPU
		{8ECB0B89-3A86-47CB-B534-48C1CE8D10DE}.Release|Any CPU.Build.0 = Release|Any CPU
		{8ECB0B89-3A86-47CB-B534-48C1CE8D10DE}.Release|Any CPU.Deploy.0 = Release|Any CPU
		{8ECB0B89-3A86-47CB-B534-48C1CE8D10DE}.Release|ARM.ActiveCfg = Release|Any CPU
		{8ECB0B89-3A86-47CB-B534-48C1CE8D10DE}.Release|ARM.Build.0 = Release|Any CPU
		{8ECB0B89-3A86-47CB-B534-48C1CE8D10DE}.Release|ARM.Deploy.0 = Release|Any CPU
		{8ECB0B89-3A86-47CB-B534-48C1CE8D10DE}.Release|iPhone.ActiveCfg = Release|Any CPU
		{8ECB0B89-3A86-47CB-B534-48C1CE8D10DE}.Release|iPhone.Build.0 = Release|Any CPU
		{8ECB0B89-3A86-47CB-B534-48C1CE8D10DE}.Release|iPhone.Deploy.0 = Release|Any CPU
		{8ECB0B89-3A86-47CB-B534-48C1CE8D10DE}.Release|iPhoneSimulator.ActiveCfg = Release|Any CPU
		{8ECB0B89-3A86-47CB-B534-48C1CE8D10DE}.Release|iPhoneSimulator.Build.0 = Release|Any CPU
		{8ECB0B89-3A86-47CB-B534-48C1CE8D10DE}.Release|iPhoneSimulator.Deploy.0 = Release|Any CPU
		{8ECB0B89-3A86-47CB-B534-48C1CE8D10DE}.Release|x64.ActiveCfg = Release|Any CPU
		{8ECB0B89-3A86-47CB-B534-48C1CE8D10DE}.Release|x64.Build.0 = Release|Any CPU
		{8ECB0B89-3A86-47CB-B534-48C1CE8D10DE}.Release|x64.Deploy.0 = Release|Any CPU
		{8ECB0B89-3A86-47CB-B534-48C1CE8D10DE}.Release|x86.ActiveCfg = Release|Any CPU
		{8ECB0B89-3A86-47CB-B534-48C1CE8D10DE}.Release|x86.Build.0 = Release|Any CPU
		{8ECB0B89-3A86-47CB-B534-48C1CE8D10DE}.Release|x86.Deploy.0 = Release|Any CPU
		{31B39F30-58F5-46DD-AD03-65197932085A}.Debug|Any CPU.ActiveCfg = Debug|iPhoneSimulator
		{31B39F30-58F5-46DD-AD03-65197932085A}.Debug|Any CPU.Build.0 = Debug|iPhoneSimulator
		{31B39F30-58F5-46DD-AD03-65197932085A}.Debug|Any CPU.Deploy.0 = Debug|iPhoneSimulator
		{31B39F30-58F5-46DD-AD03-65197932085A}.Debug|ARM.ActiveCfg = Debug|iPhone
		{31B39F30-58F5-46DD-AD03-65197932085A}.Debug|ARM.Build.0 = Debug|iPhone
		{31B39F30-58F5-46DD-AD03-65197932085A}.Debug|ARM.Deploy.0 = Debug|iPhone
		{31B39F30-58F5-46DD-AD03-65197932085A}.Debug|iPhone.ActiveCfg = Debug|iPhone
		{31B39F30-58F5-46DD-AD03-65197932085A}.Debug|iPhone.Build.0 = Debug|iPhone
		{31B39F30-58F5-46DD-AD03-65197932085A}.Debug|iPhone.Deploy.0 = Debug|iPhone
		{31B39F30-58F5-46DD-AD03-65197932085A}.Debug|iPhoneSimulator.ActiveCfg = Debug|iPhoneSimulator
		{31B39F30-58F5-46DD-AD03-65197932085A}.Debug|iPhoneSimulator.Build.0 = Debug|iPhoneSimulator
		{31B39F30-58F5-46DD-AD03-65197932085A}.Debug|iPhoneSimulator.Deploy.0 = Debug|iPhoneSimulator
		{31B39F30-58F5-46DD-AD03-65197932085A}.Debug|x64.ActiveCfg = Debug|iPhoneSimulator
		{31B39F30-58F5-46DD-AD03-65197932085A}.Debug|x64.Build.0 = Debug|iPhoneSimulator
		{31B39F30-58F5-46DD-AD03-65197932085A}.Debug|x64.Deploy.0 = Debug|iPhoneSimulator
		{31B39F30-58F5-46DD-AD03-65197932085A}.Debug|x86.ActiveCfg = Debug|iPhoneSimulator
		{31B39F30-58F5-46DD-AD03-65197932085A}.Debug|x86.Build.0 = Debug|iPhoneSimulator
		{31B39F30-58F5-46DD-AD03-65197932085A}.Debug|x86.Deploy.0 = Debug|iPhoneSimulator
		{31B39F30-58F5-46DD-AD03-65197932085A}.Release|Any CPU.ActiveCfg = Release|iPhoneSimulator
		{31B39F30-58F5-46DD-AD03-65197932085A}.Release|Any CPU.Build.0 = Release|iPhoneSimulator
		{31B39F30-58F5-46DD-AD03-65197932085A}.Release|Any CPU.Deploy.0 = Release|iPhoneSimulator
		{31B39F30-58F5-46DD-AD03-65197932085A}.Release|ARM.ActiveCfg = Release|iPhoneSimulator
		{31B39F30-58F5-46DD-AD03-65197932085A}.Release|ARM.Build.0 = Release|iPhoneSimulator
		{31B39F30-58F5-46DD-AD03-65197932085A}.Release|ARM.Deploy.0 = Release|iPhoneSimulator
		{31B39F30-58F5-46DD-AD03-65197932085A}.Release|iPhone.ActiveCfg = Release|iPhone
		{31B39F30-58F5-46DD-AD03-65197932085A}.Release|iPhone.Build.0 = Release|iPhone
		{31B39F30-58F5-46DD-AD03-65197932085A}.Release|iPhone.Deploy.0 = Release|iPhone
		{31B39F30-58F5-46DD-AD03-65197932085A}.Release|iPhoneSimulator.ActiveCfg = Release|iPhoneSimulator
		{31B39F30-58F5-46DD-AD03-65197932085A}.Release|iPhoneSimulator.Build.0 = Release|iPhoneSimulator
		{31B39F30-58F5-46DD-AD03-65197932085A}.Release|iPhoneSimulator.Deploy.0 = Release|iPhoneSimulator
		{31B39F30-58F5-46DD-AD03-65197932085A}.Release|x64.ActiveCfg = Release|iPhoneSimulator
		{31B39F30-58F5-46DD-AD03-65197932085A}.Release|x64.Build.0 = Release|iPhoneSimulator
		{31B39F30-58F5-46DD-AD03-65197932085A}.Release|x64.Deploy.0 = Release|iPhoneSimulator
		{31B39F30-58F5-46DD-AD03-65197932085A}.Release|x86.ActiveCfg = Release|iPhoneSimulator
		{31B39F30-58F5-46DD-AD03-65197932085A}.Release|x86.Build.0 = Release|iPhoneSimulator
		{31B39F30-58F5-46DD-AD03-65197932085A}.Release|x86.Deploy.0 = Release|iPhoneSimulator
		{4C877FF4-A847-4F28-A97B-6F48D0DBA25D}.Debug|Any CPU.ActiveCfg = Debug|Any CPU
		{4C877FF4-A847-4F28-A97B-6F48D0DBA25D}.Debug|Any CPU.Build.0 = Debug|Any CPU
		{4C877FF4-A847-4F28-A97B-6F48D0DBA25D}.Debug|Any CPU.Deploy.0 = Debug|Any CPU
		{4C877FF4-A847-4F28-A97B-6F48D0DBA25D}.Debug|ARM.ActiveCfg = Debug|Any CPU
		{4C877FF4-A847-4F28-A97B-6F48D0DBA25D}.Debug|ARM.Build.0 = Debug|Any CPU
		{4C877FF4-A847-4F28-A97B-6F48D0DBA25D}.Debug|ARM.Deploy.0 = Debug|Any CPU
		{4C877FF4-A847-4F28-A97B-6F48D0DBA25D}.Debug|iPhone.ActiveCfg = Debug|Any CPU
		{4C877FF4-A847-4F28-A97B-6F48D0DBA25D}.Debug|iPhone.Build.0 = Debug|Any CPU
		{4C877FF4-A847-4F28-A97B-6F48D0DBA25D}.Debug|iPhone.Deploy.0 = Debug|Any CPU
		{4C877FF4-A847-4F28-A97B-6F48D0DBA25D}.Debug|iPhoneSimulator.ActiveCfg = Debug|Any CPU
		{4C877FF4-A847-4F28-A97B-6F48D0DBA25D}.Debug|iPhoneSimulator.Build.0 = Debug|Any CPU
		{4C877FF4-A847-4F28-A97B-6F48D0DBA25D}.Debug|iPhoneSimulator.Deploy.0 = Debug|Any CPU
		{4C877FF4-A847-4F28-A97B-6F48D0DBA25D}.Debug|x64.ActiveCfg = Debug|Any CPU
		{4C877FF4-A847-4F28-A97B-6F48D0DBA25D}.Debug|x64.Build.0 = Debug|Any CPU
		{4C877FF4-A847-4F28-A97B-6F48D0DBA25D}.Debug|x64.Deploy.0 = Debug|Any CPU
		{4C877FF4-A847-4F28-A97B-6F48D0DBA25D}.Debug|x86.ActiveCfg = Debug|Any CPU
		{4C877FF4-A847-4F28-A97B-6F48D0DBA25D}.Debug|x86.Build.0 = Debug|Any CPU
		{4C877FF4-A847-4F28-A97B-6F48D0DBA25D}.Debug|x86.Deploy.0 = Debug|Any CPU
		{4C877FF4-A847-4F28-A97B-6F48D0DBA25D}.Release|Any CPU.ActiveCfg = Release|Any CPU
		{4C877FF4-A847-4F28-A97B-6F48D0DBA25D}.Release|Any CPU.Build.0 = Release|Any CPU
		{4C877FF4-A847-4F28-A97B-6F48D0DBA25D}.Release|Any CPU.Deploy.0 = Release|Any CPU
		{4C877FF4-A847-4F28-A97B-6F48D0DBA25D}.Release|ARM.ActiveCfg = Release|Any CPU
		{4C877FF4-A847-4F28-A97B-6F48D0DBA25D}.Release|ARM.Build.0 = Release|Any CPU
		{4C877FF4-A847-4F28-A97B-6F48D0DBA25D}.Release|ARM.Deploy.0 = Release|Any CPU
		{4C877FF4-A847-4F28-A97B-6F48D0DBA25D}.Release|iPhone.ActiveCfg = Release|Any CPU
		{4C877FF4-A847-4F28-A97B-6F48D0DBA25D}.Release|iPhone.Build.0 = Release|Any CPU
		{4C877FF4-A847-4F28-A97B-6F48D0DBA25D}.Release|iPhone.Deploy.0 = Release|Any CPU
		{4C877FF4-A847-4F28-A97B-6F48D0DBA25D}.Release|iPhoneSimulator.ActiveCfg = Release|Any CPU
		{4C877FF4-A847-4F28-A97B-6F48D0DBA25D}.Release|iPhoneSimulator.Build.0 = Release|Any CPU
		{4C877FF4-A847-4F28-A97B-6F48D0DBA25D}.Release|iPhoneSimulator.Deploy.0 = Release|Any CPU
		{4C877FF4-A847-4F28-A97B-6F48D0DBA25D}.Release|x64.ActiveCfg = Release|Any CPU
		{4C877FF4-A847-4F28-A97B-6F48D0DBA25D}.Release|x64.Build.0 = Release|Any CPU
		{4C877FF4-A847-4F28-A97B-6F48D0DBA25D}.Release|x64.Deploy.0 = Release|Any CPU
		{4C877FF4-A847-4F28-A97B-6F48D0DBA25D}.Release|x86.ActiveCfg = Release|Any CPU
		{4C877FF4-A847-4F28-A97B-6F48D0DBA25D}.Release|x86.Build.0 = Release|Any CPU
		{4C877FF4-A847-4F28-A97B-6F48D0DBA25D}.Release|x86.Deploy.0 = Release|Any CPU
	EndGlobalSection
	GlobalSection(SolutionProperties) = preSolution
		HideSolutionNode = FALSE
	EndGlobalSection
	GlobalSection(ExtensibilityGlobals) = postSolution
		SolutionGuid = {C564AE34-6726-407B-8058-3AD4DEA0087E}
	EndGlobalSection
EndGlobal
